
Microsoft Visual Studio Solution File, Format Version 12.00
# Visual Studio Version 17
VisualStudioVersion = 17.7.34202.233
MinimumVisualStudioVersion = 10.0.40219.1
Project("{9A19103F-16F7-4668-BE54-9A1E7A4F7556}") = "WpfApp", "WpfApp1\WpfApp.csproj", "{8153C003-FB2A-441F-BE9D-71C25B7D5044}"
EndProject
Project("{9A19103F-16F7-4668-BE54-9A1E7A4F7556}") = "ClassLibrary", "ClassLibrary\ClassLibrary.csproj", "{B4A91B93-FF65-4FF3-B934-CD78CC999B43}"
EndProject
Project("{FAE04EC0-301F-11D3-BF4B-00C04F79EFBC}") = "ConsoleApp", "ConsoleApp\ConsoleApp.csproj", "{5E26B3E4-1980-421D-BFE8-2C2C16E0DEDE}"
EndProject
Global
	GlobalSection(SolutionConfigurationPlatforms) = preSolution
		Debug|Any CPU = Debug|Any CPU
		Release|Any CPU = Release|Any CPU
	EndGlobalSection
	GlobalSection(ProjectConfigurationPlatforms) = postSolution
		{8153C003-FB2A-441F-BE9D-71C25B7D5044}.Debug|Any CPU.ActiveCfg = Debug|Any CPU
		{8153C003-FB2A-441F-BE9D-71C25B7D5044}.Debug|Any CPU.Build.0 = Debug|Any CPU
		{8153C003-FB2A-441F-BE9D-71C25B7D5044}.Release|Any CPU.ActiveCfg = Release|Any CPU
		{8153C003-FB2A-441F-BE9D-71C25B7D5044}.Release|Any CPU.Build.0 = Release|Any CPU
		{B4A91B93-FF65-4FF3-B934-CD78CC999B43}.Debug|Any CPU.ActiveCfg = Debug|Any CPU
		{B4A91B93-FF65-4FF3-B934-CD78CC999B43}.Debug|Any CPU.Build.0 = Debug|Any CPU
		{B4A91B93-FF65-4FF3-B934-CD78CC999B43}.Release|Any CPU.ActiveCfg = Release|Any CPU
		{B4A91B93-FF65-4FF3-B934-CD78CC999B43}.Release|Any CPU.Build.0 = Release|Any CPU
		{5E26B3E4-1980-421D-BFE8-2C2C16E0DEDE}.Debug|Any CPU.ActiveCfg = Debug|Any CPU
		{5E26B3E4-1980-421D-BFE8-2C2C16E0DEDE}.Debug|Any CPU.Build.0 = Debug|Any CPU
		{5E26B3E4-1980-421D-BFE8-2C2C16E0DEDE}.Release|Any CPU.ActiveCfg = Release|Any CPU
		{5E26B3E4-1980-421D-BFE8-2C2C16E0DEDE}.Release|Any CPU.Build.0 = Release|Any CPU
	EndGlobalSection
	GlobalSection(SolutionProperties) = preSolution
		HideSolutionNode = FALSE
	EndGlobalSection
	GlobalSection(ExtensibilityGlobals) = postSolution
		SolutionGuid = {8BFA1D94-C6C8-48A4-8D77-C6BC1E4ABF22}
	EndGlobalSection
EndGlobal
